
Microsoft Visual Studio Solution File, Format Version 12.00
# Visual Studio Version 17
VisualStudioVersion = 17.2.32519.379
MinimumVisualStudioVersion = 10.0.40219.1
Project("{9A19103F-16F7-4668-BE54-9A1E7A4F7556}") = "Arcade.UnitySDK.Frontend", "Runtime\Frontend\Arcade.UnitySDK.Frontend.csproj", "{BF5BEAB7-D550-4D83-9DFE-F80164C0E8F2}"
EndProject
Project("{9A19103F-16F7-4668-BE54-9A1E7A4F7556}") = "Arcade.UnitySDK.Server", "Runtime\Server\Arcade.UnitySDK.Server.csproj", "{C6808BD2-382D-4D51-B020-A5292778E232}"
EndProject
Project("{2150E333-8FDC-42A3-9474-1A3956D46DE8}") = "Solution Items", "Solution Items", "{C1D1C745-0969-40E1-91DE-8419BADC8E60}"
	ProjectSection(SolutionItems) = preProject
		.gitignore = .gitignore
		interaction-flow.png = interaction-flow.png
		README.md = README.md
	EndProjectSection
EndProject
Global
	GlobalSection(SolutionConfigurationPlatforms) = preSolution
		Debug|Any CPU = Debug|Any CPU
		Release|Any CPU = Release|Any CPU
	EndGlobalSection
	GlobalSection(ProjectConfigurationPlatforms) = postSolution
		{BF5BEAB7-D550-4D83-9DFE-F80164C0E8F2}.Debug|Any CPU.ActiveCfg = Debug|Any CPU
		{BF5BEAB7-D550-4D83-9DFE-F80164C0E8F2}.Debug|Any CPU.Build.0 = Debug|Any CPU
		{BF5BEAB7-D550-4D83-9DFE-F80164C0E8F2}.Release|Any CPU.ActiveCfg = Release|Any CPU
		{BF5BEAB7-D550-4D83-9DFE-F80164C0E8F2}.Release|Any CPU.Build.0 = Release|Any CPU
		{C6808BD2-382D-4D51-B020-A5292778E232}.Debug|Any CPU.ActiveCfg = Debug|Any CPU
		{C6808BD2-382D-4D51-B020-A5292778E232}.Debug|Any CPU.Build.0 = Debug|Any CPU
		{C6808BD2-382D-4D51-B020-A5292778E232}.Release|Any CPU.ActiveCfg = Release|Any CPU
		{C6808BD2-382D-4D51-B020-A5292778E232}.Release|Any CPU.Build.0 = Release|Any CPU
	EndGlobalSection
	GlobalSection(SolutionProperties) = preSolution
		HideSolutionNode = FALSE
	EndGlobalSection
	GlobalSection(ExtensibilityGlobals) = postSolution
		SolutionGuid = {5082B9C6-3D2F-4343-A28C-56775F7AF936}
	EndGlobalSection
EndGlobal
